
Microsoft Visual Studio Solution File, Format Version 12.00
# Visual Studio Version 16
VisualStudioVersion = 16.0.31402.337
MinimumVisualStudioVersion = 10.0.40219.1
Project("{9A19103F-16F7-4668-BE54-9A1E7A4F7556}") = "Renassaince.QueueManager", "Renassaince.QueueManager.csproj", "{056088B3-91CF-4E84-8718-FD97C9FAB7DA}"
EndProject
Global
	GlobalSection(SolutionConfigurationPlatforms) = preSolution
		Debug|Any CPU = Debug|Any CPU
		Release|Any CPU = Release|Any CPU
	EndGlobalSection
	GlobalSection(ProjectConfigurationPlatforms) = postSolution
		{056088B3-91CF-4E84-8718-FD97C9FAB7DA}.Debug|Any CPU.ActiveCfg = Debug|Any CPU
		{056088B3-91CF-4E84-8718-FD97C9FAB7DA}.Debug|Any CPU.Build.0 = Debug|Any CPU
		{056088B3-91CF-4E84-8718-FD97C9FAB7DA}.Release|Any CPU.ActiveCfg = Release|Any CPU
		{056088B3-91CF-4E84-8718-FD97C9FAB7DA}.Release|Any CPU.Build.0 = Release|Any CPU
	EndGlobalSection
	GlobalSection(SolutionProperties) = preSolution
		HideSolutionNode = FALSE
	EndGlobalSection
	GlobalSection(ExtensibilityGlobals) = postSolution
		SolutionGuid = {EA48907F-E1B7-47F8-93AA-9A1CAED3D744}
	EndGlobalSection
EndGlobal
